
Microsoft Visual Studio Solution File, Format Version 12.00
# Visual Studio Version 17
VisualStudioVersion = 17.14.37216.2
MinimumVisualStudioVersion = 10.0.40219.1
Project("{E53339B2-1760-4266-BCC7-CA923CBCF16C}") = "docker-compose", "docker-compose.dcproj", "{1B6B5D8C-3E4F-4A2D-9C8E-7F6A5B4D3C2E}"
EndProject
Project("{FAE04EC0-301F-11D3-BF4B-00C04F79EFBC}") = "Gateway", "gateway\Gateway.csproj", "{0150A521-DDB6-446C-BC9D-E2F8EB23E03F}"
EndProject
Project("{FAE04EC0-301F-11D3-BF4B-00C04F79EFBC}") = "FileStorage", "FileStorage\FileStorage.csproj", "{4729C2FE-977F-4939-85DD-AF408FE2D843}"
EndProject
Project("{FAE04EC0-301F-11D3-BF4B-00C04F79EFBC}") = "PdfService", "PdfService\PdfService.csproj", "{C23802E4-4096-45EA-BEFE-7645727CC887}"
EndProject
Project("{FAE04EC0-301F-11D3-BF4B-00C04F79EFBC}") = "Common", "Common\Common.csproj", "{8F0449AE-111E-4EA9-874E-B871770D0F00}"
EndProject
Global
	GlobalSection(SolutionConfigurationPlatforms) = preSolution
		Debug|Any CPU = Debug|Any CPU
		Release|Any CPU = Release|Any CPU
	EndGlobalSection
	GlobalSection(ProjectConfigurationPlatforms) = postSolution
		{0150A521-DDB6-446C-BC9D-E2F8EB23E03F}.Debug|Any CPU.ActiveCfg = Debug|Any CPU
		{0150A521-DDB6-446C-BC9D-E2F8EB23E03F}.Debug|Any CPU.Build.0 = Debug|Any CPU
		{0150A521-DDB6-446C-BC9D-E2F8EB23E03F}.Release|Any CPU.ActiveCfg = Release|Any CPU
		{0150A521-DDB6-446C-BC9D-E2F8EB23E03F}.Release|Any CPU.Build.0 = Release|Any CPU
		{4729C2FE-977F-4939-85DD-AF408FE2D843}.Debug|Any CPU.ActiveCfg = Debug|Any CPU
		{4729C2FE-977F-4939-85DD-AF408FE2D843}.Debug|Any CPU.Build.0 = Debug|Any CPU
		{4729C2FE-977F-4939-85DD-AF408FE2D843}.Release|Any CPU.ActiveCfg = Release|Any CPU
		{4729C2FE-977F-4939-85DD-AF408FE2D843}.Release|Any CPU.Build.0 = Release|Any CPU
		{C23802E4-4096-45EA-BEFE-7645727CC887}.Debug|Any CPU.ActiveCfg = Debug|Any CPU
		{C23802E4-4096-45EA-BEFE-7645727CC887}.Debug|Any CPU.Build.0 = Debug|Any CPU
		{C23802E4-4096-45EA-BEFE-7645727CC887}.Release|Any CPU.ActiveCfg = Release|Any CPU
		{C23802E4-4096-45EA-BEFE-7645727CC887}.Release|Any CPU.Build.0 = Release|Any CPU
		{8F0449AE-111E-4EA9-874E-B871770D0F00}.Debug|Any CPU.ActiveCfg = Debug|Any CPU
		{8F0449AE-111E-4EA9-874E-B871770D0F00}.Debug|Any CPU.Build.0 = Debug|Any CPU
		{8F0449AE-111E-4EA9-874E-B871770D0F00}.Release|Any CPU.ActiveCfg = Release|Any CPU
		{8F0449AE-111E-4EA9-874E-B871770D0F00}.Release|Any CPU.Build.0 = Release|Any CPU
		{1B6B5D8C-3E4F-4A2D-9C8E-7F6A5B4D3C2E}.Debug|Any CPU.ActiveCfg = Debug|Any CPU
		{1B6B5D8C-3E4F-4A2D-9C8E-7F6A5B4D3C2E}.Debug|Any CPU.Build.0 = Debug|Any CPU
		{1B6B5D8C-3E4F-4A2D-9C8E-7F6A5B4D3C2E}.Release|Any CPU.ActiveCfg = Release|Any CPU
		{1B6B5D8C-3E4F-4A2D-9C8E-7F6A5B4D3C2E}.Release|Any CPU.Build.0 = Release|Any CPU
	EndGlobalSection
	GlobalSection(SolutionProperties) = preSolution
		HideSolutionNode = FALSE
	EndGlobalSection
	GlobalSection(ExtensibilityGlobals) = postSolution
		SolutionGuid = {C800EC9D-C494-49F9-9C14-D235FBC5B604}
	EndGlobalSection
EndGlobal
